
Microsoft Visual Studio Solution File, Format Version 12.00
# Visual Studio 2013
VisualStudioVersion = 12.0.21005.1
MinimumVisualStudioVersion = 10.0.40219.1
Project("{FAE04EC0-301F-11D3-BF4B-00C04F79EFBC}") = "AwaitAsync", "AwaitAsync\AwaitAsync.csproj", "{C6389CE2-3645-4D83-8C20-19BE68072E4E}"
EndProject
Project("{FAE04EC0-301F-11D3-BF4B-00C04F79EFBC}") = "AwaitInLambda", "AwaitInLambda\AwaitInLambda.csproj", "{B11FBBF9-A040-4611-8BC5-8C1232E9EBC8}"
EndProject
Project("{FAE04EC0-301F-11D3-BF4B-00C04F79EFBC}") = "连续任务Await", "连续任务Await\连续任务Await.csproj", "{3D8CC28A-7B24-42FF-B5B7-E4549BF01B75}"
EndProject
Project("{FAE04EC0-301F-11D3-BF4B-00C04F79EFBC}") = "并行异步任务Await", "并行异步任务Await\并行异步任务Await.csproj", "{D525A9D2-0A99-4CD8-A35D-EE1AC485EED5}"
EndProject
Project("{FAE04EC0-301F-11D3-BF4B-00C04F79EFBC}") = "异步异常", "异步异常\异步异常.csproj", "{908017A2-C3E1-452B-81B8-32F756235387}"
EndProject
Project("{FAE04EC0-301F-11D3-BF4B-00C04F79EFBC}") = "避免使用捕获的同步上下文", "避免使用捕获的同步上下文\避免使用捕获的同步上下文.csproj", "{D86523C6-5543-4B64-B734-C2EFC9D99E3F}"
EndProject
Project("{FAE04EC0-301F-11D3-BF4B-00C04F79EFBC}") = "AsyncVoid", "AsyncVoid\AsyncVoid.csproj", "{35172A2A-B58F-41B9-AA46-B3F126EC549D}"
EndProject
Project("{FAE04EC0-301F-11D3-BF4B-00C04F79EFBC}") = "自定义AwaitAble", "自定义AwaitAble\自定义AwaitAble.csproj", "{53FBDA7E-DDFA-48E4-8124-C8C42C11F132}"
EndProject
Global
	GlobalSection(SolutionConfigurationPlatforms) = preSolution
		Debug|Any CPU = Debug|Any CPU
		Release|Any CPU = Release|Any CPU
	EndGlobalSection
	GlobalSection(ProjectConfigurationPlatforms) = postSolution
		{C6389CE2-3645-4D83-8C20-19BE68072E4E}.Debug|Any CPU.ActiveCfg = Debug|Any CPU
		{C6389CE2-3645-4D83-8C20-19BE68072E4E}.Debug|Any CPU.Build.0 = Debug|Any CPU
		{C6389CE2-3645-4D83-8C20-19BE68072E4E}.Release|Any CPU.ActiveCfg = Release|Any CPU
		{C6389CE2-3645-4D83-8C20-19BE68072E4E}.Release|Any CPU.Build.0 = Release|Any CPU
		{B11FBBF9-A040-4611-8BC5-8C1232E9EBC8}.Debug|Any CPU.ActiveCfg = Debug|Any CPU
		{B11FBBF9-A040-4611-8BC5-8C1232E9EBC8}.Debug|Any CPU.Build.0 = Debug|Any CPU
		{B11FBBF9-A040-4611-8BC5-8C1232E9EBC8}.Release|Any CPU.ActiveCfg = Release|Any CPU
		{B11FBBF9-A040-4611-8BC5-8C1232E9EBC8}.Release|Any CPU.Build.0 = Release|Any CPU
		{3D8CC28A-7B24-42FF-B5B7-E4549BF01B75}.Debug|Any CPU.ActiveCfg = Debug|Any CPU
		{3D8CC28A-7B24-42FF-B5B7-E4549BF01B75}.Debug|Any CPU.Build.0 = Debug|Any CPU
		{3D8CC28A-7B24-42FF-B5B7-E4549BF01B75}.Release|Any CPU.ActiveCfg = Release|Any CPU
		{3D8CC28A-7B24-42FF-B5B7-E4549BF01B75}.Release|Any CPU.Build.0 = Release|Any CPU
		{D525A9D2-0A99-4CD8-A35D-EE1AC485EED5}.Debug|Any CPU.ActiveCfg = Debug|Any CPU
		{D525A9D2-0A99-4CD8-A35D-EE1AC485EED5}.Debug|Any CPU.Build.0 = Debug|Any CPU
		{D525A9D2-0A99-4CD8-A35D-EE1AC485EED5}.Release|Any CPU.ActiveCfg = Release|Any CPU
		{D525A9D2-0A99-4CD8-A35D-EE1AC485EED5}.Release|Any CPU.Build.0 = Release|Any CPU
		{908017A2-C3E1-452B-81B8-32F756235387}.Debug|Any CPU.ActiveCfg = Debug|Any CPU
		{908017A2-C3E1-452B-81B8-32F756235387}.Debug|Any CPU.Build.0 = Debug|Any CPU
		{908017A2-C3E1-452B-81B8-32F756235387}.Release|Any CPU.ActiveCfg = Release|Any CPU
		{908017A2-C3E1-452B-81B8-32F756235387}.Release|Any CPU.Build.0 = Release|Any CPU
		{D86523C6-5543-4B64-B734-C2EFC9D99E3F}.Debug|Any CPU.ActiveCfg = Debug|Any CPU
		{D86523C6-5543-4B64-B734-C2EFC9D99E3F}.Debug|Any CPU.Build.0 = Debug|Any CPU
		{D86523C6-5543-4B64-B734-C2EFC9D99E3F}.Release|Any CPU.ActiveCfg = Release|Any CPU
		{D86523C6-5543-4B64-B734-C2EFC9D99E3F}.Release|Any CPU.Build.0 = Release|Any CPU
		{35172A2A-B58F-41B9-AA46-B3F126EC549D}.Debug|Any CPU.ActiveCfg = Debug|Any CPU
		{35172A2A-B58F-41B9-AA46-B3F126EC549D}.Debug|Any CPU.Build.0 = Debug|Any CPU
		{35172A2A-B58F-41B9-AA46-B3F126EC549D}.Release|Any CPU.ActiveCfg = Release|Any CPU
		{35172A2A-B58F-41B9-AA46-B3F126EC549D}.Release|Any CPU.Build.0 = Release|Any CPU
		{53FBDA7E-DDFA-48E4-8124-C8C42C11F132}.Debug|Any CPU.ActiveCfg = Debug|Any CPU
		{53FBDA7E-DDFA-48E4-8124-C8C42C11F132}.Debug|Any CPU.Build.0 = Debug|Any CPU
		{53FBDA7E-DDFA-48E4-8124-C8C42C11F132}.Release|Any CPU.ActiveCfg = Release|Any CPU
		{53FBDA7E-DDFA-48E4-8124-C8C42C11F132}.Release|Any CPU.Build.0 = Release|Any CPU
	EndGlobalSection
	GlobalSection(SolutionProperties) = preSolution
		HideSolutionNode = FALSE
	EndGlobalSection
EndGlobal
