
Microsoft Visual Studio Solution File, Format Version 12.00
# Visual Studio 2013
VisualStudioVersion = 12.0.21005.1
MinimumVisualStudioVersion = 10.0.40219.1
Project("{FAE04EC0-301F-11D3-BF4B-00C04F79EFBC}") = "任务并行库", "任务并行库\任务并行库.csproj", "{CDA89782-7104-488E-932E-3CD0CEA6EF94}"
EndProject
Project("{FAE04EC0-301F-11D3-BF4B-00C04F79EFBC}") = "基本操作", "基本操作\基本操作.csproj", "{E0EEADAD-E1FD-4B88-9BE8-1EDC44B0C603}"
EndProject
Global
	GlobalSection(SolutionConfigurationPlatforms) = preSolution
		Debug|Any CPU = Debug|Any CPU
		Release|Any CPU = Release|Any CPU
	EndGlobalSection
	GlobalSection(ProjectConfigurationPlatforms) = postSolution
		{CDA89782-7104-488E-932E-3CD0CEA6EF94}.Debug|Any CPU.ActiveCfg = Debug|Any CPU
		{CDA89782-7104-488E-932E-3CD0CEA6EF94}.Debug|Any CPU.Build.0 = Debug|Any CPU
		{CDA89782-7104-488E-932E-3CD0CEA6EF94}.Release|Any CPU.ActiveCfg = Release|Any CPU
		{CDA89782-7104-488E-932E-3CD0CEA6EF94}.Release|Any CPU.Build.0 = Release|Any CPU
		{E0EEADAD-E1FD-4B88-9BE8-1EDC44B0C603}.Debug|Any CPU.ActiveCfg = Debug|Any CPU
		{E0EEADAD-E1FD-4B88-9BE8-1EDC44B0C603}.Debug|Any CPU.Build.0 = Debug|Any CPU
		{E0EEADAD-E1FD-4B88-9BE8-1EDC44B0C603}.Release|Any CPU.ActiveCfg = Release|Any CPU
		{E0EEADAD-E1FD-4B88-9BE8-1EDC44B0C603}.Release|Any CPU.Build.0 = Release|Any CPU
	EndGlobalSection
	GlobalSection(SolutionProperties) = preSolution
		HideSolutionNode = FALSE
	EndGlobalSection
EndGlobal
