
Microsoft Visual Studio Solution File, Format Version 12.00
# Visual Studio 2013
VisualStudioVersion = 12.0.21005.1
MinimumVisualStudioVersion = 10.0.40219.1
Project("{FAE04EC0-301F-11D3-BF4B-00C04F79EFBC}") = "CountDownEventSync", "CountDownEventSync\CountDownEventSync.csproj", "{486DAB73-0B39-4126-9C83-539634A5310F}"
EndProject
Project("{FAE04EC0-301F-11D3-BF4B-00C04F79EFBC}") = "BarrierSync", "BarrierSync\BarrierSync.csproj", "{ABE0C946-E0C9-4F34-B289-F1FEC44D0048}"
EndProject
Project("{FAE04EC0-301F-11D3-BF4B-00C04F79EFBC}") = "ReaderWriterLockSlimSync", "ReaderWriterLockSlimSync\ReaderWriterLockSlimSync.csproj", "{2905B58C-52B8-45B5-8ABE-66F6FE813C29}"
EndProject
Project("{FAE04EC0-301F-11D3-BF4B-00C04F79EFBC}") = "SpinWaitSync", "SpinWaitSync\SpinWaitSync.csproj", "{8C577C86-0ADF-4812-BEE7-740DD6398367}"
EndProject
Global
	GlobalSection(SolutionConfigurationPlatforms) = preSolution
		Debug|Any CPU = Debug|Any CPU
		Release|Any CPU = Release|Any CPU
	EndGlobalSection
	GlobalSection(ProjectConfigurationPlatforms) = postSolution
		{486DAB73-0B39-4126-9C83-539634A5310F}.Debug|Any CPU.ActiveCfg = Debug|Any CPU
		{486DAB73-0B39-4126-9C83-539634A5310F}.Debug|Any CPU.Build.0 = Debug|Any CPU
		{486DAB73-0B39-4126-9C83-539634A5310F}.Release|Any CPU.ActiveCfg = Release|Any CPU
		{486DAB73-0B39-4126-9C83-539634A5310F}.Release|Any CPU.Build.0 = Release|Any CPU
		{ABE0C946-E0C9-4F34-B289-F1FEC44D0048}.Debug|Any CPU.ActiveCfg = Debug|Any CPU
		{ABE0C946-E0C9-4F34-B289-F1FEC44D0048}.Debug|Any CPU.Build.0 = Debug|Any CPU
		{ABE0C946-E0C9-4F34-B289-F1FEC44D0048}.Release|Any CPU.ActiveCfg = Release|Any CPU
		{ABE0C946-E0C9-4F34-B289-F1FEC44D0048}.Release|Any CPU.Build.0 = Release|Any CPU
		{2905B58C-52B8-45B5-8ABE-66F6FE813C29}.Debug|Any CPU.ActiveCfg = Debug|Any CPU
		{2905B58C-52B8-45B5-8ABE-66F6FE813C29}.Debug|Any CPU.Build.0 = Debug|Any CPU
		{2905B58C-52B8-45B5-8ABE-66F6FE813C29}.Release|Any CPU.ActiveCfg = Release|Any CPU
		{2905B58C-52B8-45B5-8ABE-66F6FE813C29}.Release|Any CPU.Build.0 = Release|Any CPU
		{8C577C86-0ADF-4812-BEE7-740DD6398367}.Debug|Any CPU.ActiveCfg = Debug|Any CPU
		{8C577C86-0ADF-4812-BEE7-740DD6398367}.Debug|Any CPU.Build.0 = Debug|Any CPU
		{8C577C86-0ADF-4812-BEE7-740DD6398367}.Release|Any CPU.ActiveCfg = Release|Any CPU
		{8C577C86-0ADF-4812-BEE7-740DD6398367}.Release|Any CPU.Build.0 = Release|Any CPU
	EndGlobalSection
	GlobalSection(SolutionProperties) = preSolution
		HideSolutionNode = FALSE
	EndGlobalSection
EndGlobal
